
Microsoft Visual Studio Solution File, Format Version 12.00
Project("{FAE04EC0-301F-11D3-BF4B-00C04F79EFBC}") = "RiwiMusic", "RiwiMusic\RiwiMusic.csproj", "{86AF79C1-9E50-4A23-A3FF-868B1952CE0B}"
EndProject
Global
	GlobalSection(SolutionConfigurationPlatforms) = preSolution
		Debug|Any CPU = Debug|Any CPU
		Release|Any CPU = Release|Any CPU
	EndGlobalSection
	GlobalSection(ProjectConfigurationPlatforms) = postSolution
		{86AF79C1-9E50-4A23-A3FF-868B1952CE0B}.Debug|Any CPU.ActiveCfg = Debug|Any CPU
		{86AF79C1-9E50-4A23-A3FF-868B1952CE0B}.Debug|Any CPU.Build.0 = Debug|Any CPU
		{86AF79C1-9E50-4A23-A3FF-868B1952CE0B}.Release|Any CPU.ActiveCfg = Release|Any CPU
		{86AF79C1-9E50-4A23-A3FF-868B1952CE0B}.Release|Any CPU.Build.0 = Release|Any CPU
	EndGlobalSection
EndGlobal
